
Microsoft Visual Studio Solution File, Format Version 12.00
# Visual Studio Version 16
VisualStudioVersion = 25.0.1703.8
MinimumVisualStudioVersion = 10.0.40219.1
Project("{FAE04EC0-301F-11D3-BF4B-00C04F79EFBC}") = "SaveUsersToJsonWithOptions", "SaveUsersToJsonWithOptions\SaveUsersToJsonWithOptions.csproj", "{A3C4F567-A71B-4264-9D80-A055744D8C69}"
EndProject
Global
	GlobalSection(SolutionConfigurationPlatforms) = preSolution
		Debug|Any CPU = Debug|Any CPU
		Release|Any CPU = Release|Any CPU
	EndGlobalSection
	GlobalSection(ProjectConfigurationPlatforms) = postSolution
		{A3C4F567-A71B-4264-9D80-A055744D8C69}.Debug|Any CPU.ActiveCfg = Debug|Any CPU
		{A3C4F567-A71B-4264-9D80-A055744D8C69}.Debug|Any CPU.Build.0 = Debug|Any CPU
		{A3C4F567-A71B-4264-9D80-A055744D8C69}.Release|Any CPU.ActiveCfg = Release|Any CPU
		{A3C4F567-A71B-4264-9D80-A055744D8C69}.Release|Any CPU.Build.0 = Release|Any CPU
	EndGlobalSection
	GlobalSection(SolutionProperties) = preSolution
		HideSolutionNode = FALSE
	EndGlobalSection
	GlobalSection(ExtensibilityGlobals) = postSolution
		SolutionGuid = {0EA7160B-DD3C-4F38-8C87-52F7FEA0E6B1}
	EndGlobalSection
EndGlobal
